// !$*UTF8*$!
{
	archiveVersion = 1;
	classes = {
	};
	objectVersion = 50;
	objects = {

/* Begin PBXBuildFile section */
		CA6EA141214EB1FB008005DA /* AppDelegate.swift in Sources */ = {isa = PBXBuildFile; fileRef = CA6EA140214EB1FB008005DA /* AppDelegate.swift */; };
		CA6EA143214EB1FB008005DA /* ViewController.swift in Sources */ = {isa = PBXBuildFile; fileRef = CA6EA142214EB1FB008005DA /* ViewController.swift */; };
		CA6EA146214EB1FB008005DA /* Main.storyboard in Resources */ = {isa = PBXBuildFile; fileRef = CA6EA144214EB1FB008005DA /* Main.storyboard */; };
		CA6EA148214EB1FD008005DA /* Assets.xcassets in Resources */ = {isa = PBXBuildFile; fileRef = CA6EA147214EB1FD008005DA /* Assets.xcassets */; };
		CA6EA14B214EB1FD008005DA /* LaunchScreen.storyboard in Resources */ = {isa = PBXBuildFile; fileRef = CA6EA149214EB1FD008005DA /* LaunchScreen.storyboard */; };
		CA6EA156214EB1FD008005DA /* TimerAppTests.swift in Sources */ = {isa = PBXBuildFile; fileRef = CA6EA155214EB1FD008005DA /* TimerAppTests.swift */; };
		CA6EA161214EB1FD008005DA /* TimerAppUITests.swift in Sources */ = {isa = PBXBuildFile; fileRef = CA6EA160214EB1FD008005DA /* TimerAppUITests.swift */; };
		CAC91D5A215936ED00F4E96D /* TimeSettingViewController.swift in Sources */ = {isa = PBXBuildFile; fileRef = CAC91D59215936ED00F4E96D /* TimeSettingViewController.swift */; };
/* End PBXBuildFile section */

/* Begin PBXContainerItemProxy section */
		CA6EA152214EB1FD008005DA /* PBXContainerItemProxy */ = {
			isa = PBXContainerItemProxy;
			containerPortal = CA6EA135214EB1FB008005DA /* Project object */;
			proxyType = 1;
			remoteGlobalIDString = CA6EA13C214EB1FB008005DA;
			remoteInfo = TimerApp;
		};
		CA6EA15D214EB1FD008005DA /* PBXContainerItemProxy */ = {
			isa = PBXContainerItemProxy;
			containerPortal = CA6EA135214EB1FB008005DA /* Project object */;
			proxyType = 1;
			remoteGlobalIDString = CA6EA13C214EB1FB008005DA;
			remoteInfo = TimerApp;
		};
/* End PBXContainerItemProxy section */

/* Begin PBXFileReference section */
		CA6EA13D214EB1FB008005DA /* TimerApp.app */ = {isa = PBXFileReference; explicitFileType = wrapper.application; includeInIndex = 0; path = TimerApp.app; sourceTree = BUILT_PRODUCTS_DIR; };
		CA6EA140214EB1FB008005DA /* AppDelegate.swift */ = {isa = PBXFileReference; lastKnownFileType = sourcecode.swift; path = AppDelegate.swift; sourceTree = "<group>"; };
		CA6EA142214EB1FB008005DA /* ViewController.swift */ = {isa = PBXFileReference; lastKnownFileType = sourcecode.swift; path = ViewController.swift; sourceTree = "<group>"; };
		CA6EA145214EB1FB008005DA /* Base */ = {isa = PBXFileReference; lastKnownFileType = file.storyboard; name = Base; path = Base.lproj/Main.storyboard; sourceTree = "<group>"; };
		CA6EA147214EB1FD008005DA /* Assets.xcassets */ = {isa = PBXFileReference; lastKnownFileType = folder.assetcatalog; path = Assets.xcassets; sourceTree = "<group>"; };
		CA6EA14A214EB1FD008005DA /* Base */ = {isa = PBXFileReference; lastKnownFileType = file.storyboard; name = Base; path = Base.lproj/LaunchScreen.storyboard; sourceTree = "<group>"; };
		CA6EA14C214EB1FD008005DA /* Info.plist */ = {isa = PBXFileReference; lastKnownFileType = text.plist.xml; path = Info.plist; sourceTree = "<group>"; };
		CA6EA151214EB1FD008005DA /* TimerAppTests.xctest */ = {isa = PBXFileReference; explicitFileType = wrapper.cfbundle; includeInIndex = 0; path = TimerAppTests.xctest; sourceTree = BUILT_PRODUCTS_DIR; };
		CA6EA155214EB1FD008005DA /* TimerAppTests.swift */ = {isa = PBXFileReference; lastKnownFileType = sourcecode.swift; path = TimerAppTests.swift; sourceTree = "<group>"; };
		CA6EA157214EB1FD008005DA /* Info.plist */ = {isa = PBXFileReference; lastKnownFileType = text.plist.xml; path = Info.plist; sourceTree = "<group>"; };
		CA6EA15C214EB1FD008005DA /* TimerAppUITests.xctest */ = {isa = PBXFileReference; explicitFileType = wrapper.cfbundle; includeInIndex = 0; path = TimerAppUITests.xctest; sourceTree = BUILT_PRODUCTS_DIR; };
		CA6EA160214EB1FD008005DA /* TimerAppUITests.swift */ = {isa = PBXFileReference; lastKnownFileType = sourcecode.swift; path = TimerAppUITests.swift; sourceTree = "<group>"; };
		CA6EA162214EB1FD008005DA /* Info.plist */ = {isa = PBXFileReference; lastKnownFileType = text.plist.xml; path = Info.plist; sourceTree = "<group>"; };
		CAC91D59215936ED00F4E96D /* TimeSettingViewController.swift */ = {isa = PBXFileReference; lastKnownFileType = sourcecode.swift; path = TimeSettingViewController.swift; sourceTree = "<group>"; };
/* End PBXFileReference section */

/* Begin PBXFrameworksBuildPhase section */
		CA6EA13A214EB1FB008005DA /* Frameworks */ = {
			isa = PBXFrameworksBuildPhase;
			buildActionMask = 2147483647;
			files = (
			);
			runOnlyForDeploymentPostprocessing = 0;
		};
		CA6EA14E214EB1FD008005DA /* Frameworks */ = {
			isa = PBXFrameworksBuildPhase;
			buildActionMask = 2147483647;
			files = (
			);
			runOnlyForDeploymentPostprocessing = 0;
		};
		CA6EA159214EB1FD008005DA /* Frameworks */ = {
			isa = PBXFrameworksBuildPhase;
			buildActionMask = 2147483647;
			files = (
			);
			runOnlyForDeploymentPostprocessing = 0;
		};
/* End PBXFrameworksBuildPhase section */

/* Begin PBXGroup section */
		CA6EA134214EB1FB008005DA = {
			isa = PBXGroup;
			children = (
				CA6EA13F214EB1FB008005DA /* TimerApp */,
				CA6EA154214EB1FD008005DA /* TimerAppTests */,
				CA6EA15F214EB1FD008005DA /* TimerAppUITests */,
				CA6EA13E214EB1FB008005DA /* Products */,
			);
			sourceTree = "<group>";
		};
		CA6EA13E214EB1FB008005DA /* Products */ = {
			isa = PBXGroup;
			children = (
				CA6EA13D214EB1FB008005DA /* TimerApp.app */,
				CA6EA151214EB1FD008005DA /* TimerAppTests.xctest */,
				CA6EA15C214EB1FD008005DA /* TimerAppUITests.xctest */,
			);
			name = Products;
			sourceTree = "<group>";
		};
		CA6EA13F214EB1FB008005DA /* TimerApp */ = {
			isa = PBXGroup;
			children = (
				CA6EA140214EB1FB008005DA /* AppDelegate.swift */,
				CA6EA142214EB1FB008005DA /* ViewController.swift */,
				CA6EA144214EB1FB008005DA /* Main.storyboard */,
				CA6EA147214EB1FD008005DA /* Assets.xcassets */,
				CA6EA149214EB1FD008005DA /* LaunchScreen.storyboard */,
				CA6EA14C214EB1FD008005DA /* Info.plist */,
				CAC91D59215936ED00F4E96D /* TimeSettingViewController.swift */,
			);
			path = TimerApp;
			sourceTree = "<group>";
		};
		CA6EA154214EB1FD008005DA /* TimerAppTests */ = {
			isa = PBXGroup;
			children = (
				CA6EA155214EB1FD008005DA /* TimerAppTests.swift */,
				CA6EA157214EB1FD008005DA /* Info.plist */,
			);
			path = TimerAppTests;
			sourceTree = "<group>";
		};
		CA6EA15F214EB1FD008005DA /* TimerAppUITests */ = {
			isa = PBXGroup;
			children = (
				CA6EA160214EB1FD008005DA /* TimerAppUITests.swift */,
				CA6EA162214EB1FD008005DA /* Info.plist */,
			);
			path = TimerAppUITests;
			sourceTree = "<group>";
		};
/* End PBXGroup section */

/* Begin PBXNativeTarget section */
		CA6EA13C214EB1FB008005DA /* TimerApp */ = {
			isa = PBXNativeTarget;
			buildConfigurationList = CA6EA165214EB1FD008005DA /* Build configuration list for PBXNativeTarget "TimerApp" */;
			buildPhases = (
				CA6EA139214EB1FB008005DA /* Sources */,
				CA6EA13A214EB1FB008005DA /* Frameworks */,
				CA6EA13B214EB1FB008005DA /* Resources */,
			);
			buildRules = (
			);
			dependencies = (
			);
			name = TimerApp;
			productName = TimerApp;
			productReference = CA6EA13D214EB1FB008005DA /* TimerApp.app */;
			productType = "com.apple.product-type.application";
		};
		CA6EA150214EB1FD008005DA /* TimerAppTests */ = {
			isa = PBXNativeTarget;
			buildConfigurationList = CA6EA168214EB1FD008005DA /* Build configuration list for PBXNativeTarget "TimerAppTests" */;
			buildPhases = (
				CA6EA14D214EB1FD008005DA /* Sources */,
				CA6EA14E214EB1FD008005DA /* Frameworks */,
				CA6EA14F214EB1FD008005DA /* Resources */,
			);
			buildRules = (
			);
			dependencies = (
				CA6EA153214EB1FD008005DA /* PBXTargetDependency */,
			);
			name = TimerAppTests;
			productName = TimerAppTests;
			productReference = CA6EA151214EB1FD008005DA /* TimerAppTests.xctest */;
			productType = "com.apple.product-type.bundle.unit-test";
		};
		CA6EA15B214EB1FD008005DA /* TimerAppUITests */ = {
			isa = PBXNativeTarget;
			buildConfigurationList = CA6EA16B214EB1FD008005DA /* Build configuration list for PBXNativeTarget "TimerAppUITests" */;
			buildPhases = (
				CA6EA158214EB1FD008005DA /* Sources */,
				CA6EA159214EB1FD008005DA /* Frameworks */,
				CA6EA15A214EB1FD008005DA /* Resources */,
			);
			buildRules = (
			);
			dependencies = (
				CA6EA15E214EB1FD008005DA /* PBXTargetDependency */,
			);
			name = TimerAppUITests;
			productName = TimerAppUITests;
			productReference = CA6EA15C214EB1FD008005DA /* TimerAppUITests.xctest */;
			productType = "com.apple.product-type.bundle.ui-testing";
		};
/* End PBXNativeTarget section */

/* Begin PBXProject section */
		CA6EA135214EB1FB008005DA /* Project object */ = {
			isa = PBXProject;
			attributes = {
				LastSwiftUpdateCheck = 0930;
				LastUpgradeCheck = 0930;
				ORGANIZATIONNAME = sho.nozaki;
				TargetAttributes = {
					CA6EA13C214EB1FB008005DA = {
						CreatedOnToolsVersion = 9.3;
					};
					CA6EA150214EB1FD008005DA = {
						CreatedOnToolsVersion = 9.3;
						TestTargetID = CA6EA13C214EB1FB008005DA;
					};
					CA6EA15B214EB1FD008005DA = {
						CreatedOnToolsVersion = 9.3;
						TestTargetID = CA6EA13C214EB1FB008005DA;
					};
				};
			};
			buildConfigurationList = CA6EA138214EB1FB008005DA /* Build configuration list for PBXProject "TimerApp" */;
			compatibilityVersion = "Xcode 9.3";
			developmentRegion = en;
			hasScannedForEncodings = 0;
			knownRegions = (
				en,
				Base,
			);
			mainGroup = CA6EA134214EB1FB008005DA;
			productRefGroup = CA6EA13E214EB1FB008005DA /* Products */;
			projectDirPath = "";
			projectRoot = "";
			targets = (
				CA6EA13C214EB1FB008005DA /* TimerApp */,
				CA6EA150214EB1FD008005DA /* TimerAppTests */,
				CA6EA15B214EB1FD008005DA /* TimerAppUITests */,
			);
		};
/* End PBXProject section */

/* Begin PBXResourcesBuildPhase section */
		CA6EA13B214EB1FB008005DA /* Resources */ = {
			isa = PBXResourcesBuildPhase;
			buildActionMask = 2147483647;
			files = (
				CA6EA14B214EB1FD008005DA /* LaunchScreen.storyboard in Resources */,
				CA6EA148214EB1FD008005DA /* Assets.xcassets in Resources */,
				CA6EA146214EB1FB008005DA /* Main.storyboard in Resources */,
			);
			runOnlyForDeploymentPostprocessing = 0;
		};
		CA6EA14F214EB1FD008005DA /* Resources */ = {
			isa = PBXResourcesBuildPhase;
			buildActionMask = 2147483647;
			files = (
			);
			runOnlyForDeploymentPostprocessing = 0;
		};
		CA6EA15A214EB1FD008005DA /* Resources */ = {
			isa = PBXResourcesBuildPhase;
			buildActionMask = 2147483647;
			files = (
			);
			runOnlyForDeploymentPostprocessing = 0;
		};
/* End PBXResourcesBuildPhase section */

/* Begin PBXSourcesBuildPhase section */
		CA6EA139214EB1FB008005DA /* Sources */ = {
			isa = PBXSourcesBuildPhase;
			buildActionMask = 2147483647;
			files = (
				CA6EA143214EB1FB008005DA /* ViewController.swift in Sources */,
				CAC91D5A215936ED00F4E96D /* TimeSettingViewController.swift in Sources */,
				CA6EA141214EB1FB008005DA /* AppDelegate.swift in Sources */,
			);
			runOnlyForDeploymentPostprocessing = 0;
		};
		CA6EA14D214EB1FD008005DA /* Sources */ = {
			isa = PBXSourcesBuildPhase;
			buildActionMask = 2147483647;
			files = (
				CA6EA156214EB1FD008005DA /* TimerAppTests.swift in Sources */,
			);
			runOnlyForDeploymentPostprocessing = 0;
		};
		CA6EA158214EB1FD008005DA /* Sources */ = {
			isa = PBXSourcesBuildPhase;
			buildActionMask = 2147483647;
			files = (
				CA6EA161214EB1FD008005DA /* TimerAppUITests.swift in Sources */,
			);
			runOnlyForDeploymentPostprocessing = 0;
		};
/* End PBXSourcesBuildPhase section */

/* Begin PBXTargetDependency section */
		CA6EA153214EB1FD008005DA /* PBXTargetDependency */ = {
			isa = PBXTargetDependency;
			target = CA6EA13C214EB1FB008005DA /* TimerApp */;
			targetProxy = CA6EA152214EB1FD008005DA /* PBXContainerItemProxy */;
		};
		CA6EA15E214EB1FD008005DA /* PBXTargetDependency */ = {
			isa = PBXTargetDependency;
			target = CA6EA13C214EB1FB008005DA /* TimerApp */;
			targetProxy = CA6EA15D214EB1FD008005DA /* PBXContainerItemProxy */;
		};
/* End PBXTargetDependency section */

/* Begin PBXVariantGroup section */
		CA6EA144214EB1FB008005DA /* Main.storyboard */ = {
			isa = PBXVariantGroup;
			children = (
				CA6EA145214EB1FB008005DA /* Base */,
			);
			name = Main.storyboard;
			sourceTree = "<group>";
		};
		CA6EA149214EB1FD008005DA /* LaunchScreen.storyboard */ = {
			isa = PBXVariantGroup;
			children = (
				CA6EA14A214EB1FD008005DA /* Base */,
			);
			name = LaunchScreen.storyboard;
			sourceTree = "<group>";
		};
/* End PBXVariantGroup section */

/* Begin XCBuildConfiguration section */
		CA6EA163214EB1FD008005DA /* Debug */ = {
			isa = XCBuildConfiguration;
			buildSettings = {
				ALWAYS_SEARCH_USER_PATHS = NO;
				CLANG_ANALYZER_NONNULL = YES;
				CLANG_ANALYZER_NUMBER_OBJECT_CONVERSION = YES_AGGRESSIVE;
				CLANG_CXX_LANGUAGE_STANDARD = "gnu++14";
				CLANG_CXX_LIBRARY = "libc++";
				CLANG_ENABLE_MODULES = YES;
				CLANG_ENABLE_OBJC_ARC = YES;
				CLANG_ENABLE_OBJC_WEAK = YES;
				CLANG_WARN_BLOCK_CAPTURE_AUTORELEASING = YES;
				CLANG_WARN_BOOL_CONVERSION = YES;
				CLANG_WARN_COMMA = YES;
				CLANG_WARN_CONSTANT_CONVERSION = YES;
				CLANG_WARN_DEPRECATED_OBJC_IMPLEMENTATIONS = YES;
				CLANG_WARN_DIRECT_OBJC_ISA_USAGE = YES_ERROR;
				CLANG_WARN_DOCUMENTATION_COMMENTS = YES;
				CLANG_WARN_EMPTY_BODY = YES;
				CLANG_WARN_ENUM_CONVERSION = YES;
				CLANG_WARN_INFINITE_RECURSION = YES;
				CLANG_WARN_INT_CONVERSION = YES;
				CLANG_WARN_NON_LITERAL_NULL_CONVERSION = YES;
				CLANG_WARN_OBJC_IMPLICIT_RETAIN_SELF = YES;
				CLANG_WARN_OBJC_LITERAL_CONVERSION = YES;
				CLANG_WARN_OBJC_ROOT_CLASS = YES_ERROR;
				CLANG_WARN_RANGE_LOOP_ANALYSIS = YES;
				CLANG_WARN_STRICT_PROTOTYPES = YES;
				CLANG_WARN_SUSPICIOUS_MOVE = YES;
				CLANG_WARN_UNGUARDED_AVAILABILITY = YES_AGGRESSIVE;
				CLANG_WARN_UNREACHABLE_CODE = YES;
				CLANG_WARN__DUPLICATE_METHOD_MATCH = YES;
				CODE_SIGN_IDENTITY = "iPhone Developer";
				COPY_PHASE_STRIP = NO;
				DEBUG_INFORMATION_FORMAT = dwarf;
				ENABLE_STRICT_OBJC_MSGSEND = YES;
				ENABLE_TESTABILITY = YES;
				GCC_C_LANGUAGE_STANDARD = gnu11;
				GCC_DYNAMIC_NO_PIC = NO;
				GCC_NO_COMMON_BLOCKS = YES;
				GCC_OPTIMIZATION_LEVEL = 0;
				GCC_PREPROCESSOR_DEFINITIONS = (
					"DEBUG=1",
					"$(inherited)",
				);
				GCC_WARN_64_TO_32_BIT_CONVERSION = YES;
				GCC_WARN_ABOUT_RETURN_TYPE = YES_ERROR;
				GCC_WARN_UNDECLARED_SELECTOR = YES;
				GCC_WARN_UNINITIALIZED_AUTOS = YES_AGGRESSIVE;
				GCC_WARN_UNUSED_FUNCTION = YES;
				GCC_WARN_UNUSED_VARIABLE = YES;
				IPHONEOS_DEPLOYMENT_TARGET = 11.3;
				MTL_ENABLE_DEBUG_INFO = YES;
				ONLY_ACTIVE_ARCH = YES;
				SDKROOT = iphoneos;
				SWIFT_ACTIVE_COMPILATION_CONDITIONS = DEBUG;
				SWIFT_OPTIMIZATION_LEVEL = "-Onone";
			};
			name = Debug;
		};
		CA6EA164214EB1FD008005DA /* Release */ = {
			isa = XCBuildConfiguration;
			buildSettings = {
				ALWAYS_SEARCH_USER_PATHS = NO;
				CLANG_ANALYZER_NONNULL = YES;
				CLANG_ANALYZER_NUMBER_OBJECT_CONVERSION = YES_AGGRESSIVE;
				CLANG_CXX_LANGUAGE_STANDARD = "gnu++14";
				CLANG_CXX_LIBRARY = "libc++";
				CLANG_ENABLE_MODULES = YES;
				CLANG_ENABLE_OBJC_ARC = YES;
				CLANG_ENABLE_OBJC_WEAK = YES;
				CLANG_WARN_BLOCK_CAPTURE_AUTORELEASING = YES;
				CLANG_WARN_BOOL_CONVERSION = YES;
				CLANG_WARN_COMMA = YES;
				CLANG_WARN_CONSTANT_CONVERSION = YES;
				CLANG_WARN_DEPRECATED_OBJC_IMPLEMENTATIONS = YES;
				CLANG_WARN_DIRECT_OBJC_ISA_USAGE = YES_ERROR;
				CLANG_WARN_DOCUMENTATION_COMMENTS = YES;
				CLANG_WARN_EMPTY_BODY = YES;
				CLANG_WARN_ENUM_CONVERSION = YES;
				CLANG_WARN_INFINITE_RECURSION = YES;
				CLANG_WARN_INT_CONVERSION = YES;
				CLANG_WARN_NON_LITERAL_NULL_CONVERSION = YES;
				CLANG_WARN_OBJC_IMPLICIT_RETAIN_SELF = YES;
				CLANG_WARN_OBJC_LITERAL_CONVERSION = YES;
				CLANG_WARN_OBJC_ROOT_CLASS = YES_ERROR;
				CLANG_WARN_RANGE_LOOP_ANALYSIS = YES;
				CLANG_WARN_STRICT_PROTOTYPES = YES;
				CLANG_WARN_SUSPICIOUS_MOVE = YES;
				CLANG_WARN_UNGUARDED_AVAILABILITY = YES_AGGRESSIVE;
				CLANG_WARN_UNREACHABLE_CODE = YES;
				CLANG_WARN__DUPLICATE_METHOD_MATCH = YES;
				CODE_SIGN_IDENTITY = "iPhone Developer";
				COPY_PHASE_STRIP = NO;
				DEBUG_INFORMATION_FORMAT = "dwarf-with-dsym";
				ENABLE_NS_ASSERTIONS = NO;
				ENABLE_STRICT_OBJC_MSGSEND = YES;
				GCC_C_LANGUAGE_STANDARD = gnu11;
				GCC_NO_COMMON_BLOCKS = YES;
				GCC_WARN_64_TO_32_BIT_CONVERSION = YES;
				GCC_WARN_ABOUT_RETURN_TYPE = YES_ERROR;
				GCC_WARN_UNDECLARED_SELECTOR = YES;
				GCC_WARN_UNINITIALIZED_AUTOS = YES_AGGRESSIVE;
				GCC_WARN_UNUSED_FUNCTION = YES;
				GCC_WARN_UNUSED_VARIABLE = YES;
				IPHONEOS_DEPLOYMENT_TARGET = 11.3;
				MTL_ENABLE_DEBUG_INFO = NO;
				SDKROOT = iphoneos;
				SWIFT_COMPILATION_MODE = wholemodule;
				SWIFT_OPTIMIZATION_LEVEL = "-O";
				VALIDATE_PRODUCT = YES;
			};
			name = Release;
		};
		CA6EA166214EB1FD008005DA /* Debug */ = {
			isa = XCBuildConfiguration;
			buildSettings = {
				ASSETCATALOG_COMPILER_APPICON_NAME = AppIcon;
				CODE_SIGN_STYLE = Automatic;
				INFOPLIST_FILE = TimerApp/Info.plist;
				LD_RUNPATH_SEARCH_PATHS = (
					"$(inherited)",
					"@executable_path/Frameworks",
				);
				PRODUCT_BUNDLE_IDENTIFIER = com.app.TimerApp;
				PRODUCT_NAME = "$(TARGET_NAME)";
				SWIFT_VERSION = 4.0;
				TARGETED_DEVICE_FAMILY = "1,2";
			};
			name = Debug;
		};
		CA6EA167214EB1FD008005DA /* Release */ = {
			isa = XCBuildConfiguration;
			buildSettings = {
				ASSETCATALOG_COMPILER_APPICON_NAME = AppIcon;
				CODE_SIGN_STYLE = Automatic;
				INFOPLIST_FILE = TimerApp/Info.plist;
				LD_RUNPATH_SEARCH_PATHS = (
					"$(inherited)",
					"@executable_path/Frameworks",
				);
				PRODUCT_BUNDLE_IDENTIFIER = com.app.TimerApp;
				PRODUCT_NAME = "$(TARGET_NAME)";
				SWIFT_VERSION = 4.0;
				TARGETED_DEVICE_FAMILY = "1,2";
			};
			name = Release;
		};
		CA6EA169214EB1FD008005DA /* Debug */ = {
			isa = XCBuildConfiguration;
			buildSettings = {
				ALWAYS_EMBED_SWIFT_STANDARD_LIBRARIES = YES;
				BUNDLE_LOADER = "$(TEST_HOST)";
				CODE_SIGN_STYLE = Automatic;
				INFOPLIST_FILE = TimerAppTests/Info.plist;
				LD_RUNPATH_SEARCH_PATHS = (
					"$(inherited)",
					"@executable_path/Frameworks",
					"@loader_path/Frameworks",
				);
				PRODUCT_BUNDLE_IDENTIFIER = com.app.TimerAppTests;
				PRODUCT_NAME = "$(TARGET_NAME)";
				SWIFT_VERSION = 4.0;
				TARGETED_DEVICE_FAMILY = "1,2";
				TEST_HOST = "$(BUILT_PRODUCTS_DIR)/TimerApp.app/TimerApp";
			};
			name = Debug;
		};
		CA6EA16A214EB1FD008005DA /* Release */ = {
			isa = XCBuildConfiguration;
			buildSettings = {
				ALWAYS_EMBED_SWIFT_STANDARD_LIBRARIES = YES;
				BUNDLE_LOADER = "$(TEST_HOST)";
				CODE_SIGN_STYLE = Automatic;
				INFOPLIST_FILE = TimerAppTests/Info.plist;
				LD_RUNPATH_SEARCH_PATHS = (
					"$(inherited)",
					"@executable_path/Frameworks",
					"@loader_path/Frameworks",
				);
				PRODUCT_BUNDLE_IDENTIFIER = com.app.TimerAppTests;
				PRODUCT_NAME = "$(TARGET_NAME)";
				SWIFT_VERSION = 4.0;
				TARGETED_DEVICE_FAMILY = "1,2";
				TEST_HOST = "$(BUILT_PRODUCTS_DIR)/TimerApp.app/TimerApp";
			};
			name = Release;
		};
		CA6EA16C214EB1FD008005DA /* Debug */ = {
			isa = XCBuildConfiguration;
			buildSettings = {
				ALWAYS_EMBED_SWIFT_STANDARD_LIBRARIES = YES;
				CODE_SIGN_STYLE = Automatic;
				INFOPLIST_FILE = TimerAppUITests/Info.plist;
				LD_RUNPATH_SEARCH_PATHS = (
					"$(inherited)",
					"@executable_path/Frameworks",
					"@loader_path/Frameworks",
				);
				PRODUCT_BUNDLE_IDENTIFIER = com.app.TimerAppUITests;
				PRODUCT_NAME = "$(TARGET_NAME)";
				SWIFT_VERSION = 4.0;
				TARGETED_DEVICE_FAMILY = "1,2";
				TEST_TARGET_NAME = TimerApp;
			};
			name = Debug;
		};
		CA6EA16D214EB1FD008005DA /* Release */ = {
			isa = XCBuildConfiguration;
			buildSettings = {
				ALWAYS_EMBED_SWIFT_STANDARD_LIBRARIES = YES;
				CODE_SIGN_STYLE = Automatic;
				INFOPLIST_FILE = TimerAppUITests/Info.plist;
				LD_RUNPATH_SEARCH_PATHS = (
					"$(inherited)",
					"@executable_path/Frameworks",
					"@loader_path/Frameworks",
				);
				PRODUCT_BUNDLE_IDENTIFIER = com.app.TimerAppUITests;
				PRODUCT_NAME = "$(TARGET_NAME)";
				SWIFT_VERSION = 4.0;
				TARGETED_DEVICE_FAMILY = "1,2";
				TEST_TARGET_NAME = TimerApp;
			};
			name = Release;
		};
/* End XCBuildConfiguration section */

/* Begin XCConfigurationList section */
		CA6EA138214EB1FB008005DA /* Build configuration list for PBXProject "TimerApp" */ = {
			isa = XCConfigurationList;
			buildConfigurations = (
				CA6EA163214EB1FD008005DA /* Debug */,
				CA6EA164214EB1FD008005DA /* Release */,
			);
			defaultConfigurationIsVisible = 0;
			defaultConfigurationName = Release;
		};
		CA6EA165214EB1FD008005DA /* Build configuration list for PBXNativeTarget "TimerApp" */ = {
			isa = XCConfigurationList;
			buildConfigurations = (
				CA6EA166214EB1FD008005DA /* Debug */,
				CA6EA167214EB1FD008005DA /* Release */,
			);
			defaultConfigurationIsVisible = 0;
			defaultConfigurationName = Release;
		};
		CA6EA168214EB1FD008005DA /* Build configuration list for PBXNativeTarget "TimerAppTests" */ = {
			isa = XCConfigurationList;
			buildConfigurations = (
				CA6EA169214EB1FD008005DA /* Debug */,
				CA6EA16A214EB1FD008005DA /* Release */,
			);
			defaultConfigurationIsVisible = 0;
			defaultConfigurationName = Release;
		};
		CA6EA16B214EB1FD008005DA /* Build configuration list for PBXNativeTarget "TimerAppUITests" */ = {
			isa = XCConfigurationList;
			buildConfigurations = (
				CA6EA16C214EB1FD008005DA /* Debug */,
				CA6EA16D214EB1FD008005DA /* Release */,
			);
			defaultConfigurationIsVisible = 0;
			defaultConfigurationName = Release;
		};
/* End XCConfigurationList section */
	};
	rootObject = CA6EA135214EB1FB008005DA /* Project object */;
}
